
Microsoft Visual Studio Solution File, Format Version 12.00
# Visual Studio 15
VisualStudioVersion = 15.0.26730.16
MinimumVisualStudioVersion = 10.0.40219.1
Project("{FAE04EC0-301F-11D3-BF4B-00C04F79EFBC}") = "WebApplication", "WebApplication\WebApplication.csproj", "{DD09408A-1239-49E3-B026-3F443F96D3EF}"
EndProject
Project("{FAE04EC0-301F-11D3-BF4B-00C04F79EFBC}") = "Hashing", "Hashing\Hashing.csproj", "{7DB982D4-7AA8-4ED6-8FFD-3A85081707E2}"
EndProject
Global
	GlobalSection(SolutionConfigurationPlatforms) = preSolution
		Debug|Any CPU = Debug|Any CPU
		Release|Any CPU = Release|Any CPU
	EndGlobalSection
	GlobalSection(ProjectConfigurationPlatforms) = postSolution
		{DD09408A-1239-49E3-B026-3F443F96D3EF}.Debug|Any CPU.ActiveCfg = Debug|Any CPU
		{DD09408A-1239-49E3-B026-3F443F96D3EF}.Debug|Any CPU.Build.0 = Debug|Any CPU
		{DD09408A-1239-49E3-B026-3F443F96D3EF}.Release|Any CPU.ActiveCfg = Release|Any CPU
		{DD09408A-1239-49E3-B026-3F443F96D3EF}.Release|Any CPU.Build.0 = Release|Any CPU
		{7DB982D4-7AA8-4ED6-8FFD-3A85081707E2}.Debug|Any CPU.ActiveCfg = Debug|Any CPU
		{7DB982D4-7AA8-4ED6-8FFD-3A85081707E2}.Debug|Any CPU.Build.0 = Debug|Any CPU
		{7DB982D4-7AA8-4ED6-8FFD-3A85081707E2}.Release|Any CPU.ActiveCfg = Release|Any CPU
		{7DB982D4-7AA8-4ED6-8FFD-3A85081707E2}.Release|Any CPU.Build.0 = Release|Any CPU
	EndGlobalSection
	GlobalSection(SolutionProperties) = preSolution
		HideSolutionNode = FALSE
	EndGlobalSection
	GlobalSection(ExtensibilityGlobals) = postSolution
		SolutionGuid = {65BA3B9E-52B6-415E-A9C6-7EC25B188364}
	EndGlobalSection
EndGlobal
